
Microsoft Visual Studio Solution File, Format Version 12.00
# Visual Studio Version 17
VisualStudioVersion = 17.13.35825.156 d17.13
MinimumVisualStudioVersion = 10.0.40219.1
Project("{FAE04EC0-301F-11D3-BF4B-00C04F79EFBC}") = "DemoProject", "DemoProject\DemoProject.csproj", "{FE5F85F6-0195-43CD-A4FB-02A78A1ECB61}"
EndProject
Global
	GlobalSection(SolutionConfigurationPlatforms) = preSolution
		Debug|Any CPU = Debug|Any CPU
		Release|Any CPU = Release|Any CPU
	EndGlobalSection
	GlobalSection(ProjectConfigurationPlatforms) = postSolution
		{FE5F85F6-0195-43CD-A4FB-02A78A1ECB61}.Debug|Any CPU.ActiveCfg = Debug|Any CPU
		{FE5F85F6-0195-43CD-A4FB-02A78A1ECB61}.Debug|Any CPU.Build.0 = Debug|Any CPU
		{FE5F85F6-0195-43CD-A4FB-02A78A1ECB61}.Release|Any CPU.ActiveCfg = Release|Any CPU
		{FE5F85F6-0195-43CD-A4FB-02A78A1ECB61}.Release|Any CPU.Build.0 = Release|Any CPU
	EndGlobalSection
	GlobalSection(SolutionProperties) = preSolution
		HideSolutionNode = FALSE
	EndGlobalSection
	GlobalSection(ExtensibilityGlobals) = postSolution
		SolutionGuid = {F0FE3059-3D66-40E9-A61A-FEC0D353B76B}
	EndGlobalSection
EndGlobal
